
Microsoft Visual Studio Solution File, Format Version 12.00
# Visual Studio Version 16
VisualStudioVersion = 16.0.29025.244
MinimumVisualStudioVersion = 10.0.40219.1
Project("{FAE04EC0-301F-11D3-BF4B-00C04F79EFBC}") = "IncredibleTextAdventure", "IncredibleTextAdventure\IncredibleTextAdventure.csproj", "{35A1FD48-ED85-40F7-8560-2597A1BCCA12}"
EndProject
Project("{FAE04EC0-301F-11D3-BF4B-00C04F79EFBC}") = "IncredibleTextAdventureConsole", "IncredibleTextAdventureConsole\IncredibleTextAdventureConsole.csproj", "{DD936D9A-43DB-4B06-AABC-BF2C07702135}"
EndProject
Global
	GlobalSection(SolutionConfigurationPlatforms) = preSolution
		Debug|Any CPU = Debug|Any CPU
		Release|Any CPU = Release|Any CPU
	EndGlobalSection
	GlobalSection(ProjectConfigurationPlatforms) = postSolution
		{35A1FD48-ED85-40F7-8560-2597A1BCCA12}.Debug|Any CPU.ActiveCfg = Debug|Any CPU
		{35A1FD48-ED85-40F7-8560-2597A1BCCA12}.Debug|Any CPU.Build.0 = Debug|Any CPU
		{35A1FD48-ED85-40F7-8560-2597A1BCCA12}.Release|Any CPU.ActiveCfg = Release|Any CPU
		{35A1FD48-ED85-40F7-8560-2597A1BCCA12}.Release|Any CPU.Build.0 = Release|Any CPU
		{DD936D9A-43DB-4B06-AABC-BF2C07702135}.Debug|Any CPU.ActiveCfg = Debug|Any CPU
		{DD936D9A-43DB-4B06-AABC-BF2C07702135}.Debug|Any CPU.Build.0 = Debug|Any CPU
		{DD936D9A-43DB-4B06-AABC-BF2C07702135}.Release|Any CPU.ActiveCfg = Release|Any CPU
		{DD936D9A-43DB-4B06-AABC-BF2C07702135}.Release|Any CPU.Build.0 = Release|Any CPU
	EndGlobalSection
	GlobalSection(SolutionProperties) = preSolution
		HideSolutionNode = FALSE
	EndGlobalSection
	GlobalSection(ExtensibilityGlobals) = postSolution
		SolutionGuid = {AF7F24A5-6CC1-4765-9EAE-884B303E7796}
	EndGlobalSection
EndGlobal
